
Microsoft Visual Studio Solution File, Format Version 12.00
# Visual Studio Version 16
VisualStudioVersion = 16.0.29418.71
MinimumVisualStudioVersion = 15.0.26124.0
Project("{9A19103F-16F7-4668-BE54-9A1E7A4F7556}") = "PSRule.Monitor", "src\PSRule.Monitor\PSRule.Monitor.csproj", "{E6BB91E3-5A15-48F8-9722-1F3AC50DDD75}"
EndProject
Global
	GlobalSection(SolutionConfigurationPlatforms) = preSolution
		Debug|Any CPU = Debug|Any CPU
		Release|Any CPU = Release|Any CPU
	EndGlobalSection
	GlobalSection(ProjectConfigurationPlatforms) = postSolution
		{E6BB91E3-5A15-48F8-9722-1F3AC50DDD75}.Debug|Any CPU.ActiveCfg = Debug|Any CPU
		{E6BB91E3-5A15-48F8-9722-1F3AC50DDD75}.Debug|Any CPU.Build.0 = Debug|Any CPU
		{E6BB91E3-5A15-48F8-9722-1F3AC50DDD75}.Release|Any CPU.ActiveCfg = Release|Any CPU
		{E6BB91E3-5A15-48F8-9722-1F3AC50DDD75}.Release|Any CPU.Build.0 = Release|Any CPU
	EndGlobalSection
	GlobalSection(SolutionProperties) = preSolution
		HideSolutionNode = FALSE
	EndGlobalSection
	GlobalSection(ExtensibilityGlobals) = postSolution
		SolutionGuid = {5CD3A314-1976-4F0D-BB7A-FE0EF45968FC}
	EndGlobalSection
EndGlobal
